{
  "name": "KShU",
  "lockfileVersion": 3,
  "requires": true,
  "packages": {
    "": {
      "dependencies": {
        "milsymbol": "^2.2.0"
      }
    },
    "node_modules/milsymbol": {
      "version": "2.2.0",
      "resolved": "https://registry.npmjs.org/milsymbol/-/milsymbol-2.2.0.tgz",
      "integrity": "sha512-TR9D+90u8h5vPCF33SkyjRmCPDbVBsvHtty3m18qfbz4bYr+Rj5lLSZ56lMf+dtzbfPTj32m4O/7H2RZ5tMOdg==",
      "license": "MIT"
    }
  }
}
